
Microsoft Visual Studio Solution File, Format Version 12.00
# Visual Studio Version 16
VisualStudioVersion = 16.0.29806.167
MinimumVisualStudioVersion = 10.0.40219.1
Project("{2150E333-8FDC-42A3-9474-1A3956D46DE8}") = "WebApp", "WebApp", "{38EB60F4-38A1-4575-B639-7F990CBE407E}"
EndProject
Project("{2150E333-8FDC-42A3-9474-1A3956D46DE8}") = "Tests", "Tests", "{56CC9BD8-8C02-45B7-8EFA-F27300A7F444}"
EndProject
Project("{2150E333-8FDC-42A3-9474-1A3956D46DE8}") = "熊猫智慧水务", "熊猫智慧水务", "{DB1BEB44-A7DC-4D0A-A948-5EA5AE14F341}"
EndProject
Project("{2150E333-8FDC-42A3-9474-1A3956D46DE8}") = "Web", "Web", "{A6F69C3E-84E7-4449-8F6A-6D8DA7866BE1}"
EndProject
Project("{2150E333-8FDC-42A3-9474-1A3956D46DE8}") = "GIS", "GIS", "{FFF02470-E49E-4176-A5B9-B0355F83BF63}"
EndProject
Project("{2150E333-8FDC-42A3-9474-1A3956D46DE8}") = "Experiment", "Experiment", "{84744D8E-34F1-495D-9B73-22B9823D38E7}"
EndProject
Project("{9A19103F-16F7-4668-BE54-9A1E7A4F7556}") = "Web", "src\WebApp\Web\Web.csproj", "{309FBC01-6050-459E-ACD0-8F750701CBE9}"
EndProject
Project("{9A19103F-16F7-4668-BE54-9A1E7A4F7556}") = "GIS.ApplicationCore", "src\GIS\GIS.ApplicationCore\GIS.ApplicationCore.csproj", "{6DE2D55B-1D7D-4D37-9075-6DA1E1926C1D}"
EndProject
Project("{9A19103F-16F7-4668-BE54-9A1E7A4F7556}") = "GIS.Infrastructure", "src\GIS\GIS.Infrastructure\GIS.Infrastructure.csproj", "{995C0A53-43E7-478E-BADC-C761E794D537}"
EndProject
Project("{9A19103F-16F7-4668-BE54-9A1E7A4F7556}") = "GraphQL.Api", "src\Experiment\GraphQL.Api\GraphQL.Api.csproj", "{5E05352C-6727-4BA1-9589-64453469FA08}"
EndProject
Project("{9A19103F-16F7-4668-BE54-9A1E7A4F7556}") = "GIS.Web", "src\GIS\GIS.Web\GIS.Web.csproj", "{F9CDE6E3-795B-4DE8-B33E-05088BA39437}"
EndProject
Project("{9A19103F-16F7-4668-BE54-9A1E7A4F7556}") = "ApplicationCore", "src\WebApp\ApplicationCore\ApplicationCore.csproj", "{A673818E-8A12-4280-9D89-6704C1EF0153}"
EndProject
Project("{9A19103F-16F7-4668-BE54-9A1E7A4F7556}") = "Infrastructure", "src\WebApp\Infrastructure\Infrastructure.csproj", "{2E890DAD-D36E-49CA-8828-BCDA04850D71}"
EndProject
Project("{9A19103F-16F7-4668-BE54-9A1E7A4F7556}") = "ConfigBridge", "src\ConfigBridge\ConfigBridge.csproj", "{0A53C4A8-144A-49BF-98C6-71F3DBF75519}"
EndProject
Project("{9A19103F-16F7-4668-BE54-9A1E7A4F7556}") = "ConfigBridge.Tests", "src\ConfigBridge.Tests\ConfigBridge.Tests.csproj", "{E4D2D408-06B5-4B41-891B-3665D9B241E9}"
EndProject
Project("{2150E333-8FDC-42A3-9474-1A3956D46DE8}") = "OMS", "OMS", "{47F4795B-BEB2-4EA5-9739-51074E1D7D5D}"
EndProject
Project("{9A19103F-16F7-4668-BE54-9A1E7A4F7556}") = "OMS.ApplicationCore", "src\OMS\OMS.ApplicationCore\OMS.ApplicationCore.csproj", "{0BD4EA70-EC82-4800-BA8A-15FAFC944095}"
EndProject
Project("{9A19103F-16F7-4668-BE54-9A1E7A4F7556}") = "OMS.Infrastructure", "src\OMS\OMS.Infrastructure\OMS.Infrastructure.csproj", "{A8F3BB39-1087-45F7-8BD5-1E75F55FE64A}"
EndProject
Project("{9A19103F-16F7-4668-BE54-9A1E7A4F7556}") = "OMS.Web", "src\OMS\OMS.Web\OMS.Web.csproj", "{AA9DE715-3938-4304-94F0-A7B7DBBECE1C}"
EndProject
Project("{9A19103F-16F7-4668-BE54-9A1E7A4F7556}") = "APIGateway", "src\APIGateway\APIGateway.csproj", "{CFF399DD-2115-4074-831F-A71102C8D95C}"
EndProject
Project("{2150E333-8FDC-42A3-9474-1A3956D46DE8}") = "IdentityServer", "IdentityServer", "{8F109AE8-3782-42EF-B0EB-00B97B7324E9}"
EndProject
Project("{9A19103F-16F7-4668-BE54-9A1E7A4F7556}") = "Identity.Web", "src\IdentityServer\Identity.Web\Identity.Web.csproj", "{F0701FE3-36C3-4545-88C1-440994BC68A1}"
EndProject
Project("{9A19103F-16F7-4668-BE54-9A1E7A4F7556}") = "Identity.Infrastructure", "src\IdentityServer\Identity.Infrastructure\Identity.Infrastructure.csproj", "{2AA8433B-FA5E-423F-8410-08260F0E2992}"
EndProject
Project("{9A19103F-16F7-4668-BE54-9A1E7A4F7556}") = "Identity.ApplicationCore", "src\IdentityServer\Identity.ApplicationCore\Identity.ApplicationCore.csproj", "{6F817728-409E-4823-B11F-C9E0CD04B82D}"
EndProject
Project("{2150E333-8FDC-42A3-9474-1A3956D46DE8}") = "Solution Items", "Solution Items", "{9AA4E466-5706-458D-A8B1-9F006AE0CD99}"
	ProjectSection(SolutionItems) = preProject
		.editorconfig = .editorconfig
	EndProjectSection
EndProject
Project("{2150E333-8FDC-42A3-9474-1A3956D46DE8}") = "部署工具", "部署工具", "{F188CCB3-009E-450A-A5F2-013A1C6281A0}"
EndProject
Project("{FAE04EC0-301F-11D3-BF4B-00C04F79EFBC}") = "PublishTool", "src\PublishTool\PublishTool.csproj", "{E98B3935-F9AB-45C9-ADD3-AB902348E25B}"
EndProject
Global
	GlobalSection(SolutionConfigurationPlatforms) = preSolution
		Debug|Any CPU = Debug|Any CPU
		Debug|x64 = Debug|x64
		Release|Any CPU = Release|Any CPU
		Release|x64 = Release|x64
	EndGlobalSection
	GlobalSection(ProjectConfigurationPlatforms) = postSolution
		{309FBC01-6050-459E-ACD0-8F750701CBE9}.Debug|Any CPU.ActiveCfg = Debug|Any CPU
		{309FBC01-6050-459E-ACD0-8F750701CBE9}.Debug|Any CPU.Build.0 = Debug|Any CPU
		{309FBC01-6050-459E-ACD0-8F750701CBE9}.Debug|x64.ActiveCfg = Debug|Any CPU
		{309FBC01-6050-459E-ACD0-8F750701CBE9}.Debug|x64.Build.0 = Debug|Any CPU
		{309FBC01-6050-459E-ACD0-8F750701CBE9}.Release|Any CPU.ActiveCfg = Release|Any CPU
		{309FBC01-6050-459E-ACD0-8F750701CBE9}.Release|Any CPU.Build.0 = Release|Any CPU
		{309FBC01-6050-459E-ACD0-8F750701CBE9}.Release|x64.ActiveCfg = Release|Any CPU
		{309FBC01-6050-459E-ACD0-8F750701CBE9}.Release|x64.Build.0 = Release|Any CPU
		{6DE2D55B-1D7D-4D37-9075-6DA1E1926C1D}.Debug|Any CPU.ActiveCfg = Debug|Any CPU
		{6DE2D55B-1D7D-4D37-9075-6DA1E1926C1D}.Debug|Any CPU.Build.0 = Debug|Any CPU
		{6DE2D55B-1D7D-4D37-9075-6DA1E1926C1D}.Debug|x64.ActiveCfg = Debug|Any CPU
		{6DE2D55B-1D7D-4D37-9075-6DA1E1926C1D}.Debug|x64.Build.0 = Debug|Any CPU
		{6DE2D55B-1D7D-4D37-9075-6DA1E1926C1D}.Release|Any CPU.ActiveCfg = Release|Any CPU
		{6DE2D55B-1D7D-4D37-9075-6DA1E1926C1D}.Release|Any CPU.Build.0 = Release|Any CPU
		{6DE2D55B-1D7D-4D37-9075-6DA1E1926C1D}.Release|x64.ActiveCfg = Release|Any CPU
		{6DE2D55B-1D7D-4D37-9075-6DA1E1926C1D}.Release|x64.Build.0 = Release|Any CPU
		{995C0A53-43E7-478E-BADC-C761E794D537}.Debug|Any CPU.ActiveCfg = Debug|Any CPU
		{995C0A53-43E7-478E-BADC-C761E794D537}.Debug|Any CPU.Build.0 = Debug|Any CPU
		{995C0A53-43E7-478E-BADC-C761E794D537}.Debug|x64.ActiveCfg = Debug|Any CPU
		{995C0A53-43E7-478E-BADC-C761E794D537}.Debug|x64.Build.0 = Debug|Any CPU
		{995C0A53-43E7-478E-BADC-C761E794D537}.Release|Any CPU.ActiveCfg = Release|Any CPU
		{995C0A53-43E7-478E-BADC-C761E794D537}.Release|Any CPU.Build.0 = Release|Any CPU
		{995C0A53-43E7-478E-BADC-C761E794D537}.Release|x64.ActiveCfg = Release|Any CPU
		{995C0A53-43E7-478E-BADC-C761E794D537}.Release|x64.Build.0 = Release|Any CPU
		{5E05352C-6727-4BA1-9589-64453469FA08}.Debug|Any CPU.ActiveCfg = Debug|Any CPU
		{5E05352C-6727-4BA1-9589-64453469FA08}.Debug|Any CPU.Build.0 = Debug|Any CPU
		{5E05352C-6727-4BA1-9589-64453469FA08}.Debug|x64.ActiveCfg = Debug|Any CPU
		{5E05352C-6727-4BA1-9589-64453469FA08}.Debug|x64.Build.0 = Debug|Any CPU
		{5E05352C-6727-4BA1-9589-64453469FA08}.Release|Any CPU.ActiveCfg = Release|Any CPU
		{5E05352C-6727-4BA1-9589-64453469FA08}.Release|Any CPU.Build.0 = Release|Any CPU
		{5E05352C-6727-4BA1-9589-64453469FA08}.Release|x64.ActiveCfg = Release|Any CPU
		{5E05352C-6727-4BA1-9589-64453469FA08}.Release|x64.Build.0 = Release|Any CPU
		{F9CDE6E3-795B-4DE8-B33E-05088BA39437}.Debug|Any CPU.ActiveCfg = Debug|Any CPU
		{F9CDE6E3-795B-4DE8-B33E-05088BA39437}.Debug|Any CPU.Build.0 = Debug|Any CPU
		{F9CDE6E3-795B-4DE8-B33E-05088BA39437}.Debug|x64.ActiveCfg = Debug|Any CPU
		{F9CDE6E3-795B-4DE8-B33E-05088BA39437}.Debug|x64.Build.0 = Debug|Any CPU
		{F9CDE6E3-795B-4DE8-B33E-05088BA39437}.Release|Any CPU.ActiveCfg = Release|Any CPU
		{F9CDE6E3-795B-4DE8-B33E-05088BA39437}.Release|Any CPU.Build.0 = Release|Any CPU
		{F9CDE6E3-795B-4DE8-B33E-05088BA39437}.Release|x64.ActiveCfg = Release|Any CPU
		{F9CDE6E3-795B-4DE8-B33E-05088BA39437}.Release|x64.Build.0 = Release|Any CPU
		{A673818E-8A12-4280-9D89-6704C1EF0153}.Debug|Any CPU.ActiveCfg = Debug|Any CPU
		{A673818E-8A12-4280-9D89-6704C1EF0153}.Debug|Any CPU.Build.0 = Debug|Any CPU
		{A673818E-8A12-4280-9D89-6704C1EF0153}.Debug|x64.ActiveCfg = Debug|Any CPU
		{A673818E-8A12-4280-9D89-6704C1EF0153}.Debug|x64.Build.0 = Debug|Any CPU
		{A673818E-8A12-4280-9D89-6704C1EF0153}.Release|Any CPU.ActiveCfg = Release|Any CPU
		{A673818E-8A12-4280-9D89-6704C1EF0153}.Release|Any CPU.Build.0 = Release|Any CPU
		{A673818E-8A12-4280-9D89-6704C1EF0153}.Release|x64.ActiveCfg = Release|Any CPU
		{A673818E-8A12-4280-9D89-6704C1EF0153}.Release|x64.Build.0 = Release|Any CPU
		{2E890DAD-D36E-49CA-8828-BCDA04850D71}.Debug|Any CPU.ActiveCfg = Debug|Any CPU
		{2E890DAD-D36E-49CA-8828-BCDA04850D71}.Debug|Any CPU.Build.0 = Debug|Any CPU
		{2E890DAD-D36E-49CA-8828-BCDA04850D71}.Debug|x64.ActiveCfg = Debug|Any CPU
		{2E890DAD-D36E-49CA-8828-BCDA04850D71}.Debug|x64.Build.0 = Debug|Any CPU
		{2E890DAD-D36E-49CA-8828-BCDA04850D71}.Release|Any CPU.ActiveCfg = Release|Any CPU
		{2E890DAD-D36E-49CA-8828-BCDA04850D71}.Release|Any CPU.Build.0 = Release|Any CPU
		{2E890DAD-D36E-49CA-8828-BCDA04850D71}.Release|x64.ActiveCfg = Release|Any CPU
		{2E890DAD-D36E-49CA-8828-BCDA04850D71}.Release|x64.Build.0 = Release|Any CPU
		{0A53C4A8-144A-49BF-98C6-71F3DBF75519}.Debug|Any CPU.ActiveCfg = Debug|Any CPU
		{0A53C4A8-144A-49BF-98C6-71F3DBF75519}.Debug|Any CPU.Build.0 = Debug|Any CPU
		{0A53C4A8-144A-49BF-98C6-71F3DBF75519}.Debug|x64.ActiveCfg = Debug|Any CPU
		{0A53C4A8-144A-49BF-98C6-71F3DBF75519}.Debug|x64.Build.0 = Debug|Any CPU
		{0A53C4A8-144A-49BF-98C6-71F3DBF75519}.Release|Any CPU.ActiveCfg = Release|Any CPU
		{0A53C4A8-144A-49BF-98C6-71F3DBF75519}.Release|Any CPU.Build.0 = Release|Any CPU
		{0A53C4A8-144A-49BF-98C6-71F3DBF75519}.Release|x64.ActiveCfg = Release|Any CPU
		{0A53C4A8-144A-49BF-98C6-71F3DBF75519}.Release|x64.Build.0 = Release|Any CPU
		{E4D2D408-06B5-4B41-891B-3665D9B241E9}.Debug|Any CPU.ActiveCfg = Debug|Any CPU
		{E4D2D408-06B5-4B41-891B-3665D9B241E9}.Debug|Any CPU.Build.0 = Debug|Any CPU
		{E4D2D408-06B5-4B41-891B-3665D9B241E9}.Debug|x64.ActiveCfg = Debug|Any CPU
		{E4D2D408-06B5-4B41-891B-3665D9B241E9}.Debug|x64.Build.0 = Debug|Any CPU
		{E4D2D408-06B5-4B41-891B-3665D9B241E9}.Release|Any CPU.ActiveCfg = Release|Any CPU
		{E4D2D408-06B5-4B41-891B-3665D9B241E9}.Release|Any CPU.Build.0 = Release|Any CPU
		{E4D2D408-06B5-4B41-891B-3665D9B241E9}.Release|x64.ActiveCfg = Release|Any CPU
		{E4D2D408-06B5-4B41-891B-3665D9B241E9}.Release|x64.Build.0 = Release|Any CPU
		{0BD4EA70-EC82-4800-BA8A-15FAFC944095}.Debug|Any CPU.ActiveCfg = Debug|Any CPU
		{0BD4EA70-EC82-4800-BA8A-15FAFC944095}.Debug|Any CPU.Build.0 = Debug|Any CPU
		{0BD4EA70-EC82-4800-BA8A-15FAFC944095}.Debug|x64.ActiveCfg = Debug|Any CPU
		{0BD4EA70-EC82-4800-BA8A-15FAFC944095}.Debug|x64.Build.0 = Debug|Any CPU
		{0BD4EA70-EC82-4800-BA8A-15FAFC944095}.Release|Any CPU.ActiveCfg = Release|Any CPU
		{0BD4EA70-EC82-4800-BA8A-15FAFC944095}.Release|Any CPU.Build.0 = Release|Any CPU
		{0BD4EA70-EC82-4800-BA8A-15FAFC944095}.Release|x64.ActiveCfg = Release|Any CPU
		{0BD4EA70-EC82-4800-BA8A-15FAFC944095}.Release|x64.Build.0 = Release|Any CPU
		{A8F3BB39-1087-45F7-8BD5-1E75F55FE64A}.Debug|Any CPU.ActiveCfg = Debug|Any CPU
		{A8F3BB39-1087-45F7-8BD5-1E75F55FE64A}.Debug|Any CPU.Build.0 = Debug|Any CPU
		{A8F3BB39-1087-45F7-8BD5-1E75F55FE64A}.Debug|x64.ActiveCfg = Debug|Any CPU
		{A8F3BB39-1087-45F7-8BD5-1E75F55FE64A}.Debug|x64.Build.0 = Debug|Any CPU
		{A8F3BB39-1087-45F7-8BD5-1E75F55FE64A}.Release|Any CPU.ActiveCfg = Release|Any CPU
		{A8F3BB39-1087-45F7-8BD5-1E75F55FE64A}.Release|Any CPU.Build.0 = Release|Any CPU
		{A8F3BB39-1087-45F7-8BD5-1E75F55FE64A}.Release|x64.ActiveCfg = Release|Any CPU
		{A8F3BB39-1087-45F7-8BD5-1E75F55FE64A}.Release|x64.Build.0 = Release|Any CPU
		{AA9DE715-3938-4304-94F0-A7B7DBBECE1C}.Debug|Any CPU.ActiveCfg = Debug|Any CPU
		{AA9DE715-3938-4304-94F0-A7B7DBBECE1C}.Debug|Any CPU.Build.0 = Debug|Any CPU
		{AA9DE715-3938-4304-94F0-A7B7DBBECE1C}.Debug|x64.ActiveCfg = Debug|Any CPU
		{AA9DE715-3938-4304-94F0-A7B7DBBECE1C}.Debug|x64.Build.0 = Debug|Any CPU
		{AA9DE715-3938-4304-94F0-A7B7DBBECE1C}.Release|Any CPU.ActiveCfg = Release|Any CPU
		{AA9DE715-3938-4304-94F0-A7B7DBBECE1C}.Release|Any CPU.Build.0 = Release|Any CPU
		{AA9DE715-3938-4304-94F0-A7B7DBBECE1C}.Release|x64.ActiveCfg = Release|Any CPU
		{AA9DE715-3938-4304-94F0-A7B7DBBECE1C}.Release|x64.Build.0 = Release|Any CPU
		{CFF399DD-2115-4074-831F-A71102C8D95C}.Debug|Any CPU.ActiveCfg = Debug|Any CPU
		{CFF399DD-2115-4074-831F-A71102C8D95C}.Debug|Any CPU.Build.0 = Debug|Any CPU
		{CFF399DD-2115-4074-831F-A71102C8D95C}.Debug|x64.ActiveCfg = Debug|Any CPU
		{CFF399DD-2115-4074-831F-A71102C8D95C}.Debug|x64.Build.0 = Debug|Any CPU
		{CFF399DD-2115-4074-831F-A71102C8D95C}.Release|Any CPU.ActiveCfg = Release|Any CPU
		{CFF399DD-2115-4074-831F-A71102C8D95C}.Release|Any CPU.Build.0 = Release|Any CPU
		{CFF399DD-2115-4074-831F-A71102C8D95C}.Release|x64.ActiveCfg = Release|Any CPU
		{CFF399DD-2115-4074-831F-A71102C8D95C}.Release|x64.Build.0 = Release|Any CPU
		{F0701FE3-36C3-4545-88C1-440994BC68A1}.Debug|Any CPU.ActiveCfg = Debug|Any CPU
		{F0701FE3-36C3-4545-88C1-440994BC68A1}.Debug|Any CPU.Build.0 = Debug|Any CPU
		{F0701FE3-36C3-4545-88C1-440994BC68A1}.Debug|x64.ActiveCfg = Debug|Any CPU
		{F0701FE3-36C3-4545-88C1-440994BC68A1}.Debug|x64.Build.0 = Debug|Any CPU
		{F0701FE3-36C3-4545-88C1-440994BC68A1}.Release|Any CPU.ActiveCfg = Release|Any CPU
		{F0701FE3-36C3-4545-88C1-440994BC68A1}.Release|Any CPU.Build.0 = Release|Any CPU
		{F0701FE3-36C3-4545-88C1-440994BC68A1}.Release|x64.ActiveCfg = Release|Any CPU
		{F0701FE3-36C3-4545-88C1-440994BC68A1}.Release|x64.Build.0 = Release|Any CPU
		{2AA8433B-FA5E-423F-8410-08260F0E2992}.Debug|Any CPU.ActiveCfg = Debug|Any CPU
		{2AA8433B-FA5E-423F-8410-08260F0E2992}.Debug|Any CPU.Build.0 = Debug|Any CPU
		{2AA8433B-FA5E-423F-8410-08260F0E2992}.Debug|x64.ActiveCfg = Debug|Any CPU
		{2AA8433B-FA5E-423F-8410-08260F0E2992}.Debug|x64.Build.0 = Debug|Any CPU
		{2AA8433B-FA5E-423F-8410-08260F0E2992}.Release|Any CPU.ActiveCfg = Release|Any CPU
		{2AA8433B-FA5E-423F-8410-08260F0E2992}.Release|Any CPU.Build.0 = Release|Any CPU
		{2AA8433B-FA5E-423F-8410-08260F0E2992}.Release|x64.ActiveCfg = Release|Any CPU
		{2AA8433B-FA5E-423F-8410-08260F0E2992}.Release|x64.Build.0 = Release|Any CPU
		{6F817728-409E-4823-B11F-C9E0CD04B82D}.Debug|Any CPU.ActiveCfg = Debug|Any CPU
		{6F817728-409E-4823-B11F-C9E0CD04B82D}.Debug|Any CPU.Build.0 = Debug|Any CPU
		{6F817728-409E-4823-B11F-C9E0CD04B82D}.Debug|x64.ActiveCfg = Debug|Any CPU
		{6F817728-409E-4823-B11F-C9E0CD04B82D}.Debug|x64.Build.0 = Debug|Any CPU
		{6F817728-409E-4823-B11F-C9E0CD04B82D}.Release|Any CPU.ActiveCfg = Release|Any CPU
		{6F817728-409E-4823-B11F-C9E0CD04B82D}.Release|Any CPU.Build.0 = Release|Any CPU
		{6F817728-409E-4823-B11F-C9E0CD04B82D}.Release|x64.ActiveCfg = Release|Any CPU
		{6F817728-409E-4823-B11F-C9E0CD04B82D}.Release|x64.Build.0 = Release|Any CPU
		{E98B3935-F9AB-45C9-ADD3-AB902348E25B}.Debug|Any CPU.ActiveCfg = Debug|Any CPU
		{E98B3935-F9AB-45C9-ADD3-AB902348E25B}.Debug|Any CPU.Build.0 = Debug|Any CPU
		{E98B3935-F9AB-45C9-ADD3-AB902348E25B}.Debug|x64.ActiveCfg = Debug|Any CPU
		{E98B3935-F9AB-45C9-ADD3-AB902348E25B}.Debug|x64.Build.0 = Debug|Any CPU
		{E98B3935-F9AB-45C9-ADD3-AB902348E25B}.Release|Any CPU.ActiveCfg = Release|Any CPU
		{E98B3935-F9AB-45C9-ADD3-AB902348E25B}.Release|Any CPU.Build.0 = Release|Any CPU
		{E98B3935-F9AB-45C9-ADD3-AB902348E25B}.Release|x64.ActiveCfg = Release|Any CPU
		{E98B3935-F9AB-45C9-ADD3-AB902348E25B}.Release|x64.Build.0 = Release|Any CPU
	EndGlobalSection
	GlobalSection(SolutionProperties) = preSolution
		HideSolutionNode = FALSE
	EndGlobalSection
	GlobalSection(NestedProjects) = preSolution
		{38EB60F4-38A1-4575-B639-7F990CBE407E} = {DB1BEB44-A7DC-4D0A-A948-5EA5AE14F341}
		{A6F69C3E-84E7-4449-8F6A-6D8DA7866BE1} = {56CC9BD8-8C02-45B7-8EFA-F27300A7F444}
		{FFF02470-E49E-4176-A5B9-B0355F83BF63} = {DB1BEB44-A7DC-4D0A-A948-5EA5AE14F341}
		{84744D8E-34F1-495D-9B73-22B9823D38E7} = {DB1BEB44-A7DC-4D0A-A948-5EA5AE14F341}
		{309FBC01-6050-459E-ACD0-8F750701CBE9} = {38EB60F4-38A1-4575-B639-7F990CBE407E}
		{6DE2D55B-1D7D-4D37-9075-6DA1E1926C1D} = {FFF02470-E49E-4176-A5B9-B0355F83BF63}
		{995C0A53-43E7-478E-BADC-C761E794D537} = {FFF02470-E49E-4176-A5B9-B0355F83BF63}
		{5E05352C-6727-4BA1-9589-64453469FA08} = {84744D8E-34F1-495D-9B73-22B9823D38E7}
		{F9CDE6E3-795B-4DE8-B33E-05088BA39437} = {FFF02470-E49E-4176-A5B9-B0355F83BF63}
		{A673818E-8A12-4280-9D89-6704C1EF0153} = {38EB60F4-38A1-4575-B639-7F990CBE407E}
		{2E890DAD-D36E-49CA-8828-BCDA04850D71} = {38EB60F4-38A1-4575-B639-7F990CBE407E}
		{0A53C4A8-144A-49BF-98C6-71F3DBF75519} = {DB1BEB44-A7DC-4D0A-A948-5EA5AE14F341}
		{47F4795B-BEB2-4EA5-9739-51074E1D7D5D} = {DB1BEB44-A7DC-4D0A-A948-5EA5AE14F341}
		{0BD4EA70-EC82-4800-BA8A-15FAFC944095} = {47F4795B-BEB2-4EA5-9739-51074E1D7D5D}
		{A8F3BB39-1087-45F7-8BD5-1E75F55FE64A} = {47F4795B-BEB2-4EA5-9739-51074E1D7D5D}
		{AA9DE715-3938-4304-94F0-A7B7DBBECE1C} = {47F4795B-BEB2-4EA5-9739-51074E1D7D5D}
		{CFF399DD-2115-4074-831F-A71102C8D95C} = {DB1BEB44-A7DC-4D0A-A948-5EA5AE14F341}
		{8F109AE8-3782-42EF-B0EB-00B97B7324E9} = {DB1BEB44-A7DC-4D0A-A948-5EA5AE14F341}
		{F0701FE3-36C3-4545-88C1-440994BC68A1} = {8F109AE8-3782-42EF-B0EB-00B97B7324E9}
		{2AA8433B-FA5E-423F-8410-08260F0E2992} = {8F109AE8-3782-42EF-B0EB-00B97B7324E9}
		{6F817728-409E-4823-B11F-C9E0CD04B82D} = {8F109AE8-3782-42EF-B0EB-00B97B7324E9}
		{E98B3935-F9AB-45C9-ADD3-AB902348E25B} = {F188CCB3-009E-450A-A5F2-013A1C6281A0}
	EndGlobalSection
	GlobalSection(ExtensibilityGlobals) = postSolution
		SolutionGuid = {B8AB0EDD-E62C-4E39-B777-2E77EA238FB9}
	EndGlobalSection
EndGlobal
