
Microsoft Visual Studio Solution File, Format Version 12.00
# Visual Studio Version 16
VisualStudioVersion = 16.0.30114.105
MinimumVisualStudioVersion = 10.0.40219.1
Project("{FAE04EC0-301F-11D3-BF4B-00C04F79EFBC}") = "PublishTool", "PublishTool\PublishTool.csproj", "{567C5328-B5ED-48B6-88EC-AC91FF5C924D}"
EndProject
Project("{FAE04EC0-301F-11D3-BF4B-00C04F79EFBC}") = "PublishTool.Tool", "PublishTool.Tool\PublishTool.Tool.csproj", "{D128EA39-A098-4393-8F9F-1B4AE369DB42}"
EndProject
Global
	GlobalSection(SolutionConfigurationPlatforms) = preSolution
		Debug|Any CPU = Debug|Any CPU
		Release|Any CPU = Release|Any CPU
	EndGlobalSection
	GlobalSection(ProjectConfigurationPlatforms) = postSolution
		{567C5328-B5ED-48B6-88EC-AC91FF5C924D}.Debug|Any CPU.ActiveCfg = Debug|Any CPU
		{567C5328-B5ED-48B6-88EC-AC91FF5C924D}.Debug|Any CPU.Build.0 = Debug|Any CPU
		{567C5328-B5ED-48B6-88EC-AC91FF5C924D}.Release|Any CPU.ActiveCfg = Release|Any CPU
		{567C5328-B5ED-48B6-88EC-AC91FF5C924D}.Release|Any CPU.Build.0 = Release|Any CPU
		{D128EA39-A098-4393-8F9F-1B4AE369DB42}.Debug|Any CPU.ActiveCfg = Debug|Any CPU
		{D128EA39-A098-4393-8F9F-1B4AE369DB42}.Debug|Any CPU.Build.0 = Debug|Any CPU
		{D128EA39-A098-4393-8F9F-1B4AE369DB42}.Release|Any CPU.ActiveCfg = Release|Any CPU
		{D128EA39-A098-4393-8F9F-1B4AE369DB42}.Release|Any CPU.Build.0 = Release|Any CPU
	EndGlobalSection
	GlobalSection(SolutionProperties) = preSolution
		HideSolutionNode = FALSE
	EndGlobalSection
	GlobalSection(ExtensibilityGlobals) = postSolution
		SolutionGuid = {0AA41DB4-40CB-4E37-A5ED-7C3809B83FCB}
	EndGlobalSection
EndGlobal
